
Microsoft Visual Studio Solution File, Format Version 12.00
# Visual Studio Version 17
VisualStudioVersion = 17.6.33829.357
MinimumVisualStudioVersion = 10.0.40219.1
Project("{8BC9CEB8-8B4A-11D0-8D11-00A0C91BC942}") = "Application", "Application\Application.vcxproj", "{779265C0-6AB3-40EC-8ECC-98D9D03B0A02}"
EndProject
Project("{8BC9CEB8-8B4A-11D0-8D11-00A0C91BC942}") = "Engine", "Engine\Engine.vcxproj", "{F6F83B1F-2279-44DA-8CB9-44CB9C04A678}"
EndProject
Global
	GlobalSection(SolutionConfigurationPlatforms) = preSolution
		Debug|x64 = Debug|x64
		Debug|x86 = Debug|x86
		Release|x64 = Release|x64
		Release|x86 = Release|x86
	EndGlobalSection
	GlobalSection(ProjectConfigurationPlatforms) = postSolution
		{779265C0-6AB3-40EC-8ECC-98D9D03B0A02}.Debug|x64.ActiveCfg = Debug|x64
		{779265C0-6AB3-40EC-8ECC-98D9D03B0A02}.Debug|x64.Build.0 = Debug|x64
		{779265C0-6AB3-40EC-8ECC-98D9D03B0A02}.Debug|x86.ActiveCfg = Debug|Win32
		{779265C0-6AB3-40EC-8ECC-98D9D03B0A02}.Debug|x86.Build.0 = Debug|Win32
		{779265C0-6AB3-40EC-8ECC-98D9D03B0A02}.Release|x64.ActiveCfg = Release|x64
		{779265C0-6AB3-40EC-8ECC-98D9D03B0A02}.Release|x64.Build.0 = Release|x64
		{779265C0-6AB3-40EC-8ECC-98D9D03B0A02}.Release|x86.ActiveCfg = Release|Win32
		{779265C0-6AB3-40EC-8ECC-98D9D03B0A02}.Release|x86.Build.0 = Release|Win32
		{F6F83B1F-2279-44DA-8CB9-44CB9C04A678}.Debug|x64.ActiveCfg = Debug|x64
		{F6F83B1F-2279-44DA-8CB9-44CB9C04A678}.Debug|x64.Build.0 = Debug|x64
		{F6F83B1F-2279-44DA-8CB9-44CB9C04A678}.Debug|x86.ActiveCfg = Debug|Win32
		{F6F83B1F-2279-44DA-8CB9-44CB9C04A678}.Debug|x86.Build.0 = Debug|Win32
		{F6F83B1F-2279-44DA-8CB9-44CB9C04A678}.Release|x64.ActiveCfg = Release|x64
		{F6F83B1F-2279-44DA-8CB9-44CB9C04A678}.Release|x64.Build.0 = Release|x64
		{F6F83B1F-2279-44DA-8CB9-44CB9C04A678}.Release|x86.ActiveCfg = Release|Win32
		{F6F83B1F-2279-44DA-8CB9-44CB9C04A678}.Release|x86.Build.0 = Release|Win32
	EndGlobalSection
	GlobalSection(SolutionProperties) = preSolution
		HideSolutionNode = FALSE
	EndGlobalSection
	GlobalSection(ExtensibilityGlobals) = postSolution
		SolutionGuid = {91B6C1D6-285F-4A53-A95F-8500F0DEC220}
	EndGlobalSection
EndGlobal
